// !$*UTF8*$!
{
	archiveVersion = 1;
	classes = {
	};
	objectVersion = 46;
	objects = {

/* Begin PBXBuildFile section */
		4DF78DA61868449A002748A1 /* Foundation.framework in Frameworks */ = {isa = PBXBuildFile; fileRef = 4DF78DA51868449A002748A1 /* Foundation.framework */; };
		4DF78DA81868449A002748A1 /* CoreGraphics.framework in Frameworks */ = {isa = PBXBuildFile; fileRef = 4DF78DA71868449A002748A1 /* CoreGraphics.framework */; };
		4DF78DAA1868449A002748A1 /* UIKit.framework in Frameworks */ = {isa = PBXBuildFile; fileRef = 4DF78DA91868449A002748A1 /* UIKit.framework */; };
		4DF78DB01868449A002748A1 /* InfoPlist.strings in Resources */ = {isa = PBXBuildFile; fileRef = 4DF78DAE1868449A002748A1 /* InfoPlist.strings */; };
		4DF78DB21868449A002748A1 /* main.m in Sources */ = {isa = PBXBuildFile; fileRef = 4DF78DB11868449A002748A1 /* main.m */; };
		4DF78DB61868449A002748A1 /* MWAppDelegate.m in Sources */ = {isa = PBXBuildFile; fileRef = 4DF78DB51868449A002748A1 /* MWAppDelegate.m */; };
		4DF78DB91868449A002748A1 /* Main.storyboard in Resources */ = {isa = PBXBuildFile; fileRef = 4DF78DB71868449A002748A1 /* Main.storyboard */; };
		4DF78DBC1868449A002748A1 /* MWMainViewController.m in Sources */ = {isa = PBXBuildFile; fileRef = 4DF78DBB1868449A002748A1 /* MWMainViewController.m */; };
		4DF78DBF1868449A002748A1 /* MWFlipsideViewController.m in Sources */ = {isa = PBXBuildFile; fileRef = 4DF78DBE1868449A002748A1 /* MWFlipsideViewController.m */; };
		4DF78DC11868449A002748A1 /* Images.xcassets in Resources */ = {isa = PBXBuildFile; fileRef = 4DF78DC01868449A002748A1 /* Images.xcassets */; };
		4DF78DC81868449A002748A1 /* XCTest.framework in Frameworks */ = {isa = PBXBuildFile; fileRef = 4DF78DC71868449A002748A1 /* XCTest.framework */; };
		4DF78DC91868449A002748A1 /* Foundation.framework in Frameworks */ = {isa = PBXBuildFile; fileRef = 4DF78DA51868449A002748A1 /* Foundation.framework */; };
		4DF78DCA1868449A002748A1 /* UIKit.framework in Frameworks */ = {isa = PBXBuildFile; fileRef = 4DF78DA91868449A002748A1 /* UIKit.framework */; };
		4DF78DD21868449A002748A1 /* InfoPlist.strings in Resources */ = {isa = PBXBuildFile; fileRef = 4DF78DD01868449A002748A1 /* InfoPlist.strings */; };
		4DF78DD41868449A002748A1 /* AlternatedTests.m in Sources */ = {isa = PBXBuildFile; fileRef = 4DF78DD31868449A002748A1 /* AlternatedTests.m */; };
		4DF78DE01868800C002748A1 /* background.png in Resources */ = {isa = PBXBuildFile; fileRef = 4DF78DDF1868800C002748A1 /* background.png */; };
/* End PBXBuildFile section */

/* Begin PBXContainerItemProxy section */
		4DF78DCB1868449A002748A1 /* PBXContainerItemProxy */ = {
			isa = PBXContainerItemProxy;
			containerPortal = 4DF78D9A1868449A002748A1 /* Project object */;
			proxyType = 1;
			remoteGlobalIDString = 4DF78DA11868449A002748A1;
			remoteInfo = Alternated;
		};
/* End PBXContainerItemProxy section */

/* Begin PBXFileReference section */
		4DF78DA21868449A002748A1 /* Alternated.app */ = {isa = PBXFileReference; explicitFileType = wrapper.application; includeInIndex = 0; path = Alternated.app; sourceTree = BUILT_PRODUCTS_DIR; };
		4DF78DA51868449A002748A1 /* Foundation.framework */ = {isa = PBXFileReference; lastKnownFileType = wrapper.framework; name = Foundation.framework; path = System/Library/Frameworks/Foundation.framework; sourceTree = SDKROOT; };
		4DF78DA71868449A002748A1 /* CoreGraphics.framework */ = {isa = PBXFileReference; lastKnownFileType = wrapper.framework; name = CoreGraphics.framework; path = System/Library/Frameworks/CoreGraphics.framework; sourceTree = SDKROOT; };
		4DF78DA91868449A002748A1 /* UIKit.framework */ = {isa = PBXFileReference; lastKnownFileType = wrapper.framework; name = UIKit.framework; path = System/Library/Frameworks/UIKit.framework; sourceTree = SDKROOT; };
		4DF78DAD1868449A002748A1 /* Alternated-Info.plist */ = {isa = PBXFileReference; lastKnownFileType = text.plist.xml; path = "Alternated-Info.plist"; sourceTree = "<group>"; };
		4DF78DAF1868449A002748A1 /* en */ = {isa = PBXFileReference; lastKnownFileType = text.plist.strings; name = en; path = en.lproj/InfoPlist.strings; sourceTree = "<group>"; };
		4DF78DB11868449A002748A1 /* main.m */ = {isa = PBXFileReference; lastKnownFileType = sourcecode.c.objc; path = main.m; sourceTree = "<group>"; };
		4DF78DB31868449A002748A1 /* Alternated-Prefix.pch */ = {isa = PBXFileReference; lastKnownFileType = sourcecode.c.h; path = "Alternated-Prefix.pch"; sourceTree = "<group>"; };
		4DF78DB41868449A002748A1 /* MWAppDelegate.h */ = {isa = PBXFileReference; lastKnownFileType = sourcecode.c.h; path = MWAppDelegate.h; sourceTree = "<group>"; };
		4DF78DB51868449A002748A1 /* MWAppDelegate.m */ = {isa = PBXFileReference; lastKnownFileType = sourcecode.c.objc; path = MWAppDelegate.m; sourceTree = "<group>"; };
		4DF78DB81868449A002748A1 /* Base */ = {isa = PBXFileReference; lastKnownFileType = file.storyboard; name = Base; path = Base.lproj/Main.storyboard; sourceTree = "<group>"; };
		4DF78DBA1868449A002748A1 /* MWMainViewController.h */ = {isa = PBXFileReference; lastKnownFileType = sourcecode.c.h; path = MWMainViewController.h; sourceTree = "<group>"; };
		4DF78DBB1868449A002748A1 /* MWMainViewController.m */ = {isa = PBXFileReference; lastKnownFileType = sourcecode.c.objc; path = MWMainViewController.m; sourceTree = "<group>"; };
		4DF78DBD1868449A002748A1 /* MWFlipsideViewController.h */ = {isa = PBXFileReference; lastKnownFileType = sourcecode.c.h; path = MWFlipsideViewController.h; sourceTree = "<group>"; };
		4DF78DBE1868449A002748A1 /* MWFlipsideViewController.m */ = {isa = PBXFileReference; lastKnownFileType = sourcecode.c.objc; path = MWFlipsideViewController.m; sourceTree = "<group>"; };
		4DF78DC01868449A002748A1 /* Images.xcassets */ = {isa = PBXFileReference; lastKnownFileType = folder.assetcatalog; path = Images.xcassets; sourceTree = "<group>"; };
		4DF78DC61868449A002748A1 /* AlternatedTests.xctest */ = {isa = PBXFileReference; explicitFileType = wrapper.cfbundle; includeInIndex = 0; path = AlternatedTests.xctest; sourceTree = BUILT_PRODUCTS_DIR; };
		4DF78DC71868449A002748A1 /* XCTest.framework */ = {isa = PBXFileReference; lastKnownFileType = wrapper.framework; name = XCTest.framework; path = Library/Frameworks/XCTest.framework; sourceTree = DEVELOPER_DIR; };
		4DF78DCF1868449A002748A1 /* AlternatedTests-Info.plist */ = {isa = PBXFileReference; lastKnownFileType = text.plist.xml; path = "AlternatedTests-Info.plist"; sourceTree = "<group>"; };
		4DF78DD11868449A002748A1 /* en */ = {isa = PBXFileReference; lastKnownFileType = text.plist.strings; name = en; path = en.lproj/InfoPlist.strings; sourceTree = "<group>"; };
		4DF78DD31868449A002748A1 /* AlternatedTests.m */ = {isa = PBXFileReference; lastKnownFileType = sourcecode.c.objc; path = AlternatedTests.m; sourceTree = "<group>"; };
		4DF78DDF1868800C002748A1 /* background.png */ = {isa = PBXFileReference; lastKnownFileType = image.png; path = background.png; sourceTree = "<group>"; };
/* End PBXFileReference section */

/* Begin PBXFrameworksBuildPhase section */
		4DF78D9F1868449A002748A1 /* Frameworks */ = {
			isa = PBXFrameworksBuildPhase;
			buildActionMask = 2147483647;
			files = (
				4DF78DA81868449A002748A1 /* CoreGraphics.framework in Frameworks */,
				4DF78DAA1868449A002748A1 /* UIKit.framework in Frameworks */,
				4DF78DA61868449A002748A1 /* Foundation.framework in Frameworks */,
			);
			runOnlyForDeploymentPostprocessing = 0;
		};
		4DF78DC31868449A002748A1 /* Frameworks */ = {
			isa = PBXFrameworksBuildPhase;
			buildActionMask = 2147483647;
			files = (
				4DF78DC81868449A002748A1 /* XCTest.framework in Frameworks */,
				4DF78DCA1868449A002748A1 /* UIKit.framework in Frameworks */,
				4DF78DC91868449A002748A1 /* Foundation.framework in Frameworks */,
			);
			runOnlyForDeploymentPostprocessing = 0;
		};
/* End PBXFrameworksBuildPhase section */

/* Begin PBXGroup section */
		4DF78D991868449A002748A1 = {
			isa = PBXGroup;
			children = (
				4DF78DDF1868800C002748A1 /* background.png */,
				4DF78DAB1868449A002748A1 /* Alternated */,
				4DF78DCD1868449A002748A1 /* AlternatedTests */,
				4DF78DA41868449A002748A1 /* Frameworks */,
				4DF78DA31868449A002748A1 /* Products */,
			);
			sourceTree = "<group>";
		};
		4DF78DA31868449A002748A1 /* Products */ = {
			isa = PBXGroup;
			children = (
				4DF78DA21868449A002748A1 /* Alternated.app */,
				4DF78DC61868449A002748A1 /* AlternatedTests.xctest */,
			);
			name = Products;
			sourceTree = "<group>";
		};
		4DF78DA41868449A002748A1 /* Frameworks */ = {
			isa = PBXGroup;
			children = (
				4DF78DA51868449A002748A1 /* Foundation.framework */,
				4DF78DA71868449A002748A1 /* CoreGraphics.framework */,
				4DF78DA91868449A002748A1 /* UIKit.framework */,
				4DF78DC71868449A002748A1 /* XCTest.framework */,
			);
			name = Frameworks;
			sourceTree = "<group>";
		};
		4DF78DAB1868449A002748A1 /* Alternated */ = {
			isa = PBXGroup;
			children = (
				4DF78DB41868449A002748A1 /* MWAppDelegate.h */,
				4DF78DB51868449A002748A1 /* MWAppDelegate.m */,
				4DF78DB71868449A002748A1 /* Main.storyboard */,
				4DF78DBA1868449A002748A1 /* MWMainViewController.h */,
				4DF78DBB1868449A002748A1 /* MWMainViewController.m */,
				4DF78DBD1868449A002748A1 /* MWFlipsideViewController.h */,
				4DF78DBE1868449A002748A1 /* MWFlipsideViewController.m */,
				4DF78DC01868449A002748A1 /* Images.xcassets */,
				4DF78DAC1868449A002748A1 /* Supporting Files */,
			);
			path = Alternated;
			sourceTree = "<group>";
		};
		4DF78DAC1868449A002748A1 /* Supporting Files */ = {
			isa = PBXGroup;
			children = (
				4DF78DAD1868449A002748A1 /* Alternated-Info.plist */,
				4DF78DAE1868449A002748A1 /* InfoPlist.strings */,
				4DF78DB11868449A002748A1 /* main.m */,
				4DF78DB31868449A002748A1 /* Alternated-Prefix.pch */,
			);
			name = "Supporting Files";
			sourceTree = "<group>";
		};
		4DF78DCD1868449A002748A1 /* AlternatedTests */ = {
			isa = PBXGroup;
			children = (
				4DF78DD31868449A002748A1 /* AlternatedTests.m */,
				4DF78DCE1868449A002748A1 /* Supporting Files */,
			);
			path = AlternatedTests;
			sourceTree = "<group>";
		};
		4DF78DCE1868449A002748A1 /* Supporting Files */ = {
			isa = PBXGroup;
			children = (
				4DF78DCF1868449A002748A1 /* AlternatedTests-Info.plist */,
				4DF78DD01868449A002748A1 /* InfoPlist.strings */,
			);
			name = "Supporting Files";
			sourceTree = "<group>";
		};
/* End PBXGroup section */

/* Begin PBXNativeTarget section */
		4DF78DA11868449A002748A1 /* Alternated */ = {
			isa = PBXNativeTarget;
			buildConfigurationList = 4DF78DD71868449A002748A1 /* Build configuration list for PBXNativeTarget "Alternated" */;
			buildPhases = (
				4DF78D9E1868449A002748A1 /* Sources */,
				4DF78D9F1868449A002748A1 /* Frameworks */,
				4DF78DA01868449A002748A1 /* Resources */,
			);
			buildRules = (
			);
			dependencies = (
			);
			name = Alternated;
			productName = Alternated;
			productReference = 4DF78DA21868449A002748A1 /* Alternated.app */;
			productType = "com.apple.product-type.application";
		};
		4DF78DC51868449A002748A1 /* AlternatedTests */ = {
			isa = PBXNativeTarget;
			buildConfigurationList = 4DF78DDA1868449A002748A1 /* Build configuration list for PBXNativeTarget "AlternatedTests" */;
			buildPhases = (
				4DF78DC21868449A002748A1 /* Sources */,
				4DF78DC31868449A002748A1 /* Frameworks */,
				4DF78DC41868449A002748A1 /* Resources */,
			);
			buildRules = (
			);
			dependencies = (
				4DF78DCC1868449A002748A1 /* PBXTargetDependency */,
			);
			name = AlternatedTests;
			productName = AlternatedTests;
			productReference = 4DF78DC61868449A002748A1 /* AlternatedTests.xctest */;
			productType = "com.apple.product-type.bundle.unit-test";
		};
/* End PBXNativeTarget section */

/* Begin PBXProject section */
		4DF78D9A1868449A002748A1 /* Project object */ = {
			isa = PBXProject;
			attributes = {
				CLASSPREFIX = MW;
				LastUpgradeCheck = 0500;
				ORGANIZATIONNAME = MaxWoolf;
				TargetAttributes = {
					4DF78DC51868449A002748A1 = {
						TestTargetID = 4DF78DA11868449A002748A1;
					};
				};
			};
			buildConfigurationList = 4DF78D9D1868449A002748A1 /* Build configuration list for PBXProject "Alternated" */;
			compatibilityVersion = "Xcode 3.2";
			developmentRegion = English;
			hasScannedForEncodings = 0;
			knownRegions = (
				en,
				Base,
			);
			mainGroup = 4DF78D991868449A002748A1;
			productRefGroup = 4DF78DA31868449A002748A1 /* Products */;
			projectDirPath = "";
			projectRoot = "";
			targets = (
				4DF78DA11868449A002748A1 /* Alternated */,
				4DF78DC51868449A002748A1 /* AlternatedTests */,
			);
		};
/* End PBXProject section */

/* Begin PBXResourcesBuildPhase section */
		4DF78DA01868449A002748A1 /* Resources */ = {
			isa = PBXResourcesBuildPhase;
			buildActionMask = 2147483647;
			files = (
				4DF78DC11868449A002748A1 /* Images.xcassets in Resources */,
				4DF78DE01868800C002748A1 /* background.png in Resources */,
				4DF78DB01868449A002748A1 /* InfoPlist.strings in Resources */,
				4DF78DB91868449A002748A1 /* Main.storyboard in Resources */,
			);
			runOnlyForDeploymentPostprocessing = 0;
		};
		4DF78DC41868449A002748A1 /* Resources */ = {
			isa = PBXResourcesBuildPhase;
			buildActionMask = 2147483647;
			files = (
				4DF78DD21868449A002748A1 /* InfoPlist.strings in Resources */,
			);
			runOnlyForDeploymentPostprocessing = 0;
		};
/* End PBXResourcesBuildPhase section */

/* Begin PBXSourcesBuildPhase section */
		4DF78D9E1868449A002748A1 /* Sources */ = {
			isa = PBXSourcesBuildPhase;
			buildActionMask = 2147483647;
			files = (
				4DF78DBF1868449A002748A1 /* MWFlipsideViewController.m in Sources */,
				4DF78DBC1868449A002748A1 /* MWMainViewController.m in Sources */,
				4DF78DB61868449A002748A1 /* MWAppDelegate.m in Sources */,
				4DF78DB21868449A002748A1 /* main.m in Sources */,
			);
			runOnlyForDeploymentPostprocessing = 0;
		};
		4DF78DC21868449A002748A1 /* Sources */ = {
			isa = PBXSourcesBuildPhase;
			buildActionMask = 2147483647;
			files = (
				4DF78DD41868449A002748A1 /* AlternatedTests.m in Sources */,
			);
			runOnlyForDeploymentPostprocessing = 0;
		};
/* End PBXSourcesBuildPhase section */

/* Begin PBXTargetDependency section */
		4DF78DCC1868449A002748A1 /* PBXTargetDependency */ = {
			isa = PBXTargetDependency;
			target = 4DF78DA11868449A002748A1 /* Alternated */;
			targetProxy = 4DF78DCB1868449A002748A1 /* PBXContainerItemProxy */;
		};
/* End PBXTargetDependency section */

/* Begin PBXVariantGroup section */
		4DF78DAE1868449A002748A1 /* InfoPlist.strings */ = {
			isa = PBXVariantGroup;
			children = (
				4DF78DAF1868449A002748A1 /* en */,
			);
			name = InfoPlist.strings;
			sourceTree = "<group>";
		};
		4DF78DB71868449A002748A1 /* Main.storyboard */ = {
			isa = PBXVariantGroup;
			children = (
				4DF78DB81868449A002748A1 /* Base */,
			);
			name = Main.storyboard;
			sourceTree = "<group>";
		};
		4DF78DD01868449A002748A1 /* InfoPlist.strings */ = {
			isa = PBXVariantGroup;
			children = (
				4DF78DD11868449A002748A1 /* en */,
			);
			name = InfoPlist.strings;
			sourceTree = "<group>";
		};
/* End PBXVariantGroup section */

/* Begin XCBuildConfiguration section */
		4DF78DD51868449A002748A1 /* Debug */ = {
			isa = XCBuildConfiguration;
			buildSettings = {
				ALWAYS_SEARCH_USER_PATHS = NO;
				ARCHS = "$(ARCHS_STANDARD_INCLUDING_64_BIT)";
				CLANG_CXX_LANGUAGE_STANDARD = "gnu++0x";
				CLANG_CXX_LIBRARY = "libc++";
				CLANG_ENABLE_MODULES = YES;
				CLANG_ENABLE_OBJC_ARC = YES;
				CLANG_WARN_BOOL_CONVERSION = YES;
				CLANG_WARN_CONSTANT_CONVERSION = YES;
				CLANG_WARN_DIRECT_OBJC_ISA_USAGE = YES_ERROR;
				CLANG_WARN_EMPTY_BODY = YES;
				CLANG_WARN_ENUM_CONVERSION = YES;
				CLANG_WARN_INT_CONVERSION = YES;
				CLANG_WARN_OBJC_ROOT_CLASS = YES_ERROR;
				CLANG_WARN__DUPLICATE_METHOD_MATCH = YES;
				"CODE_SIGN_IDENTITY[sdk=iphoneos*]" = "iPhone Developer";
				COPY_PHASE_STRIP = NO;
				GCC_C_LANGUAGE_STANDARD = gnu99;
				GCC_DYNAMIC_NO_PIC = NO;
				GCC_OPTIMIZATION_LEVEL = 0;
				GCC_PREPROCESSOR_DEFINITIONS = (
					"DEBUG=1",
					"$(inherited)",
				);
				GCC_SYMBOLS_PRIVATE_EXTERN = NO;
				GCC_WARN_64_TO_32_BIT_CONVERSION = YES;
				GCC_WARN_ABOUT_RETURN_TYPE = YES_ERROR;
				GCC_WARN_UNDECLARED_SELECTOR = YES;
				GCC_WARN_UNINITIALIZED_AUTOS = YES;
				GCC_WARN_UNUSED_FUNCTION = YES;
				GCC_WARN_UNUSED_VARIABLE = YES;
				IPHONEOS_DEPLOYMENT_TARGET = 7.0;
				ONLY_ACTIVE_ARCH = YES;
				SDKROOT = iphoneos;
			};
			name = Debug;
		};
		4DF78DD61868449A002748A1 /* Release */ = {
			isa = XCBuildConfiguration;
			buildSettings = {
				ALWAYS_SEARCH_USER_PATHS = NO;
				ARCHS = "$(ARCHS_STANDARD_INCLUDING_64_BIT)";
				CLANG_CXX_LANGUAGE_STANDARD = "gnu++0x";
				CLANG_CXX_LIBRARY = "libc++";
				CLANG_ENABLE_MODULES = YES;
				CLANG_ENABLE_OBJC_ARC = YES;
				CLANG_WARN_BOOL_CONVERSION = YES;
				CLANG_WARN_CONSTANT_CONVERSION = YES;
				CLANG_WARN_DIRECT_OBJC_ISA_USAGE = YES_ERROR;
				CLANG_WARN_EMPTY_BODY = YES;
				CLANG_WARN_ENUM_CONVERSION = YES;
				CLANG_WARN_INT_CONVERSION = YES;
				CLANG_WARN_OBJC_ROOT_CLASS = YES_ERROR;
				CLANG_WARN__DUPLICATE_METHOD_MATCH = YES;
				"CODE_SIGN_IDENTITY[sdk=iphoneos*]" = "iPhone Developer";
				COPY_PHASE_STRIP = YES;
				ENABLE_NS_ASSERTIONS = NO;
				GCC_C_LANGUAGE_STANDARD = gnu99;
				GCC_WARN_64_TO_32_BIT_CONVERSION = YES;
				GCC_WARN_ABOUT_RETURN_TYPE = YES_ERROR;
				GCC_WARN_UNDECLARED_SELECTOR = YES;
				GCC_WARN_UNINITIALIZED_AUTOS = YES;
				GCC_WARN_UNUSED_FUNCTION = YES;
				GCC_WARN_UNUSED_VARIABLE = YES;
				IPHONEOS_DEPLOYMENT_TARGET = 7.0;
				SDKROOT = iphoneos;
				VALIDATE_PRODUCT = YES;
			};
			name = Release;
		};
		4DF78DD81868449A002748A1 /* Debug */ = {
			isa = XCBuildConfiguration;
			buildSettings = {
				ASSETCATALOG_COMPILER_APPICON_NAME = AppIcon;
				ASSETCATALOG_COMPILER_LAUNCHIMAGE_NAME = LaunchImage;
				GCC_PRECOMPILE_PREFIX_HEADER = YES;
				GCC_PREFIX_HEADER = "Alternated/Alternated-Prefix.pch";
				INFOPLIST_FILE = "Alternated/Alternated-Info.plist";
				PRODUCT_NAME = "$(TARGET_NAME)";
				TARGETED_DEVICE_FAMILY = 1;
				WRAPPER_EXTENSION = app;
			};
			name = Debug;
		};
		4DF78DD91868449A002748A1 /* Release */ = {
			isa = XCBuildConfiguration;
			buildSettings = {
				ASSETCATALOG_COMPILER_APPICON_NAME = AppIcon;
				ASSETCATALOG_COMPILER_LAUNCHIMAGE_NAME = LaunchImage;
				GCC_PRECOMPILE_PREFIX_HEADER = YES;
				GCC_PREFIX_HEADER = "Alternated/Alternated-Prefix.pch";
				INFOPLIST_FILE = "Alternated/Alternated-Info.plist";
				PRODUCT_NAME = "$(TARGET_NAME)";
				TARGETED_DEVICE_FAMILY = 1;
				WRAPPER_EXTENSION = app;
			};
			name = Release;
		};
		4DF78DDB1868449A002748A1 /* Debug */ = {
			isa = XCBuildConfiguration;
			buildSettings = {
				ARCHS = "$(ARCHS_STANDARD_INCLUDING_64_BIT)";
				BUNDLE_LOADER = "$(BUILT_PRODUCTS_DIR)/Alternated.app/Alternated";
				FRAMEWORK_SEARCH_PATHS = (
					"$(SDKROOT)/Developer/Library/Frameworks",
					"$(inherited)",
					"$(DEVELOPER_FRAMEWORKS_DIR)",
				);
				GCC_PRECOMPILE_PREFIX_HEADER = YES;
				GCC_PREFIX_HEADER = "Alternated/Alternated-Prefix.pch";
				GCC_PREPROCESSOR_DEFINITIONS = (
					"DEBUG=1",
					"$(inherited)",
				);
				INFOPLIST_FILE = "AlternatedTests/AlternatedTests-Info.plist";
				PRODUCT_NAME = "$(TARGET_NAME)";
				TEST_HOST = "$(BUNDLE_LOADER)";
				WRAPPER_EXTENSION = xctest;
			};
			name = Debug;
		};
		4DF78DDC1868449A002748A1 /* Release */ = {
			isa = XCBuildConfiguration;
			buildSettings = {
				ARCHS = "$(ARCHS_STANDARD_INCLUDING_64_BIT)";
				BUNDLE_LOADER = "$(BUILT_PRODUCTS_DIR)/Alternated.app/Alternated";
				FRAMEWORK_SEARCH_PATHS = (
					"$(SDKROOT)/Developer/Library/Frameworks",
					"$(inherited)",
					"$(DEVELOPER_FRAMEWORKS_DIR)",
				);
				GCC_PRECOMPILE_PREFIX_HEADER = YES;
				GCC_PREFIX_HEADER = "Alternated/Alternated-Prefix.pch";
				INFOPLIST_FILE = "AlternatedTests/AlternatedTests-Info.plist";
				PRODUCT_NAME = "$(TARGET_NAME)";
				TEST_HOST = "$(BUNDLE_LOADER)";
				WRAPPER_EXTENSION = xctest;
			};
			name = Release;
		};
/* End XCBuildConfiguration section */

/* Begin XCConfigurationList section */
		4DF78D9D1868449A002748A1 /* Build configuration list for PBXProject "Alternated" */ = {
			isa = XCConfigurationList;
			buildConfigurations = (
				4DF78DD51868449A002748A1 /* Debug */,
				4DF78DD61868449A002748A1 /* Release */,
			);
			defaultConfigurationIsVisible = 0;
			defaultConfigurationName = Release;
		};
		4DF78DD71868449A002748A1 /* Build configuration list for PBXNativeTarget "Alternated" */ = {
			isa = XCConfigurationList;
			buildConfigurations = (
				4DF78DD81868449A002748A1 /* Debug */,
				4DF78DD91868449A002748A1 /* Release */,
			);
			defaultConfigurationIsVisible = 0;
			defaultConfigurationName = Release;
		};
		4DF78DDA1868449A002748A1 /* Build configuration list for PBXNativeTarget "AlternatedTests" */ = {
			isa = XCConfigurationList;
			buildConfigurations = (
				4DF78DDB1868449A002748A1 /* Debug */,
				4DF78DDC1868449A002748A1 /* Release */,
			);
			defaultConfigurationIsVisible = 0;
			defaultConfigurationName = Release;
		};
/* End XCConfigurationList section */
	};
	rootObject = 4DF78D9A1868449A002748A1 /* Project object */;
}
